
Microsoft Visual Studio Solution File, Format Version 12.00
Project("{FAE04EC0-301F-11D3-BF4B-00C04F79EFBC}") = "RndDotNet.HeadHunter.Client", "src\RndDotNet.HeadHunter.Client\RndDotNet.HeadHunter.Client.csproj", "{95B53067-C934-46DF-8157-C98188576DFE}"
EndProject
Project("{FAE04EC0-301F-11D3-BF4B-00C04F79EFBC}") = "RndDotNet.HeadHunter.Client.TestApp", "src\RndDotNet.HeadHunter.Client.TestApp\RndDotNet.HeadHunter.Client.TestApp.csproj", "{87497D59-385E-4318-B5B0-771B40205128}"
EndProject
Global
	GlobalSection(SolutionConfigurationPlatforms) = preSolution
		Debug|Any CPU = Debug|Any CPU
		Release|Any CPU = Release|Any CPU
	EndGlobalSection
	GlobalSection(ProjectConfigurationPlatforms) = postSolution
		{95B53067-C934-46DF-8157-C98188576DFE}.Debug|Any CPU.ActiveCfg = Debug|Any CPU
		{95B53067-C934-46DF-8157-C98188576DFE}.Debug|Any CPU.Build.0 = Debug|Any CPU
		{95B53067-C934-46DF-8157-C98188576DFE}.Release|Any CPU.ActiveCfg = Release|Any CPU
		{95B53067-C934-46DF-8157-C98188576DFE}.Release|Any CPU.Build.0 = Release|Any CPU
		{87497D59-385E-4318-B5B0-771B40205128}.Debug|Any CPU.ActiveCfg = Debug|Any CPU
		{87497D59-385E-4318-B5B0-771B40205128}.Debug|Any CPU.Build.0 = Debug|Any CPU
		{87497D59-385E-4318-B5B0-771B40205128}.Release|Any CPU.ActiveCfg = Release|Any CPU
		{87497D59-385E-4318-B5B0-771B40205128}.Release|Any CPU.Build.0 = Release|Any CPU
	EndGlobalSection
EndGlobal
